{
  "version": 2,
  "dependencies": {
    "net10.0-windows10.0.19041": {
      "engineeringmcp.contracts": {
        "type": "Project"
      },
      "engineeringmcp.security": {
        "type": "Project",
        "dependencies": {
          "EngineeringMcp.Contracts": "[0.3.5, )"
        }
      }
    }
  }
}