{
  "version": 2,
  "dependencies": {
    "net10.0-windows10.0.19041": {
      "WPF-UI": {
        "type": "Direct",
        "requested": "[4.3.0, )",
        "resolved": "4.3.0",
        "contentHash": "SIHhc8lIrhEQ/1cLFZN6Dtf8cqsLm4myBULj9obnacd9TyDs2vizhKYzRzTlcPEcnzb3L4EstvPN3M6kcXbJCA==",
        "dependencies": {
          "WPF-UI.Abstractions": "4.3.0"
        }
      },
      "WPF-UI.Abstractions": {
        "type": "Transitive",
        "resolved": "4.3.0",
        "contentHash": "7Kj9DmCCo4SOCd1jAiw4+EcMFP2nR8rLLvitAYzVtzbWToTsodkbie24+8x9C4LDLxkopWEUGX62szqqNy7oeg=="
      },
      "engineeringmcp.contracts": {
        "type": "Project"
      },
      "engineeringmcp.probe.wpf": {
        "type": "Project",
        "dependencies": {
          "EngineeringMcp.Contracts": "[0.3.7-preview.6, )",
          "EngineeringMcp.Security": "[0.3.7-preview.6, )"
        }
      },
      "engineeringmcp.security": {
        "type": "Project",
        "dependencies": {
          "EngineeringMcp.Contracts": "[0.3.7-preview.6, )"
        }
      }
    },
    "net10.0-windows10.0.19041/win-x64": {}
  }
}
