{
  "name": "dotnet-wpf-engineering-mcp",
  "version": "0.3.7-preview.6",
  "lockfileVersion": 3,
  "requires": true,
  "packages": {
    "": {
      "name": "dotnet-wpf-engineering-mcp",
      "version": "0.3.7-preview.6",
      "license": "Apache-2.0",
      "engines": {
        "vscode": "^1.99.0"
      }
    }
  }
}
